
Microsoft Visual Studio Solution File, Format Version 12.00
# Visual Studio 14
VisualStudioVersion = 14.0.25420.1
MinimumVisualStudioVersion = 10.0.40219.1
Project("{FAE04EC0-301F-11D3-BF4B-00C04F79EFBC}") = "Travis", "Travis\Travis.csproj", "{6DAC96EF-705A-477E-A119-385D3B9B2815}"
EndProject
Project("{FAE04EC0-301F-11D3-BF4B-00C04F79EFBC}") = "Travis.Test", "Travis.Test\Travis.Test.csproj", "{FAB48BE5-F668-4A60-98C2-082C5A609517}"
EndProject
Global
	GlobalSection(SolutionConfigurationPlatforms) = preSolution
		Debug|Any CPU = Debug|Any CPU
		Release|Any CPU = Release|Any CPU
	EndGlobalSection
	GlobalSection(ProjectConfigurationPlatforms) = postSolution
		{6DAC96EF-705A-477E-A119-385D3B9B2815}.Debug|Any CPU.ActiveCfg = Debug|Any CPU
		{6DAC96EF-705A-477E-A119-385D3B9B2815}.Debug|Any CPU.Build.0 = Debug|Any CPU
		{6DAC96EF-705A-477E-A119-385D3B9B2815}.Release|Any CPU.ActiveCfg = Release|Any CPU
		{6DAC96EF-705A-477E-A119-385D3B9B2815}.Release|Any CPU.Build.0 = Release|Any CPU
		{FAB48BE5-F668-4A60-98C2-082C5A609517}.Debug|Any CPU.ActiveCfg = Debug|Any CPU
		{FAB48BE5-F668-4A60-98C2-082C5A609517}.Debug|Any CPU.Build.0 = Debug|Any CPU
		{FAB48BE5-F668-4A60-98C2-082C5A609517}.Release|Any CPU.ActiveCfg = Release|Any CPU
		{FAB48BE5-F668-4A60-98C2-082C5A609517}.Release|Any CPU.Build.0 = Release|Any CPU
	EndGlobalSection
	GlobalSection(SolutionProperties) = preSolution
		HideSolutionNode = FALSE
	EndGlobalSection
EndGlobal
